
Microsoft Visual Studio Solution File, Format Version 12.00
# Visual Studio Version 16
VisualStudioVersion = 16.0.31112.23
MinimumVisualStudioVersion = 10.0.40219.1
Project("{FAE04EC0-301F-11D3-BF4B-00C04F79EFBC}") = "Metodo_Abstrado", "Metodo_Abstrado\Metodo_Abstrado.csproj", "{73427C9F-16C1-4014-B7F5-01C81FBF41B8}"
EndProject
Global
	GlobalSection(SolutionConfigurationPlatforms) = preSolution
		Debug|Any CPU = Debug|Any CPU
		Release|Any CPU = Release|Any CPU
	EndGlobalSection
	GlobalSection(ProjectConfigurationPlatforms) = postSolution
		{73427C9F-16C1-4014-B7F5-01C81FBF41B8}.Debug|Any CPU.ActiveCfg = Debug|Any CPU
		{73427C9F-16C1-4014-B7F5-01C81FBF41B8}.Debug|Any CPU.Build.0 = Debug|Any CPU
		{73427C9F-16C1-4014-B7F5-01C81FBF41B8}.Release|Any CPU.ActiveCfg = Release|Any CPU
		{73427C9F-16C1-4014-B7F5-01C81FBF41B8}.Release|Any CPU.Build.0 = Release|Any CPU
	EndGlobalSection
	GlobalSection(SolutionProperties) = preSolution
		HideSolutionNode = FALSE
	EndGlobalSection
	GlobalSection(ExtensibilityGlobals) = postSolution
		SolutionGuid = {A860075D-EC73-4391-8AF2-970C3FA9BA81}
	EndGlobalSection
EndGlobal
