
Microsoft Visual Studio Solution File, Format Version 12.00
# Visual Studio Version 16
VisualStudioVersion = 16.0.31112.23
MinimumVisualStudioVersion = 10.0.40219.1
Project("{FAE04EC0-301F-11D3-BF4B-00C04F79EFBC}") = "Exercicio_Empregados", "Exercicio_Empregados\Exercicio_Empregados.csproj", "{D1F06494-5887-451C-AD9D-B70D94153874}"
EndProject
Global
	GlobalSection(SolutionConfigurationPlatforms) = preSolution
		Debug|Any CPU = Debug|Any CPU
		Release|Any CPU = Release|Any CPU
	EndGlobalSection
	GlobalSection(ProjectConfigurationPlatforms) = postSolution
		{D1F06494-5887-451C-AD9D-B70D94153874}.Debug|Any CPU.ActiveCfg = Debug|Any CPU
		{D1F06494-5887-451C-AD9D-B70D94153874}.Debug|Any CPU.Build.0 = Debug|Any CPU
		{D1F06494-5887-451C-AD9D-B70D94153874}.Release|Any CPU.ActiveCfg = Release|Any CPU
		{D1F06494-5887-451C-AD9D-B70D94153874}.Release|Any CPU.Build.0 = Release|Any CPU
	EndGlobalSection
	GlobalSection(SolutionProperties) = preSolution
		HideSolutionNode = FALSE
	EndGlobalSection
	GlobalSection(ExtensibilityGlobals) = postSolution
		SolutionGuid = {2CB89478-074F-4891-9713-599B75E3FADC}
	EndGlobalSection
EndGlobal
